
Microsoft Visual Studio Solution File, Format Version 12.00
# Visual Studio Version 16
VisualStudioVersion = 16.0.31019.35
MinimumVisualStudioVersion = 10.0.40219.1
Project("{8BC9CEB8-8B4A-11D0-8D11-00A0C91BC942}") = "ENDEC", "easencoder\easencoder.vcxproj", "{D03AAAE8-316B-43B6-B8C0-C7BC429301C3}"
EndProject
Project("{8BC9CEB8-8B4A-11D0-8D11-00A0C91BC942}") = "Encoder", "Encoder\Encoder.vcxproj", "{1034A811-55F8-4428-9727-586EE6F73EDD}"
EndProject
Project("{8BC9CEB8-8B4A-11D0-8D11-00A0C91BC942}") = "polygon", "polygon\polygon.vcxproj", "{4D19D8D8-A295-45D3-A8A0-E92E72E5E5AF}"
EndProject
Global
	GlobalSection(SolutionConfigurationPlatforms) = preSolution
		Debug|ARM = Debug|ARM
		Debug|x64 = Debug|x64
		Debug|x86 = Debug|x86
		Release|ARM = Release|ARM
		Release|x64 = Release|x64
		Release|x86 = Release|x86
	EndGlobalSection
	GlobalSection(ProjectConfigurationPlatforms) = postSolution
		{D03AAAE8-316B-43B6-B8C0-C7BC429301C3}.Debug|ARM.ActiveCfg = Debug|ARM
		{D03AAAE8-316B-43B6-B8C0-C7BC429301C3}.Debug|ARM.Build.0 = Debug|ARM
		{D03AAAE8-316B-43B6-B8C0-C7BC429301C3}.Debug|x64.ActiveCfg = Debug|x64
		{D03AAAE8-316B-43B6-B8C0-C7BC429301C3}.Debug|x64.Build.0 = Debug|x64
		{D03AAAE8-316B-43B6-B8C0-C7BC429301C3}.Debug|x86.ActiveCfg = Debug|Win32
		{D03AAAE8-316B-43B6-B8C0-C7BC429301C3}.Debug|x86.Build.0 = Debug|Win32
		{D03AAAE8-316B-43B6-B8C0-C7BC429301C3}.Release|ARM.ActiveCfg = Release|ARM
		{D03AAAE8-316B-43B6-B8C0-C7BC429301C3}.Release|ARM.Build.0 = Release|ARM
		{D03AAAE8-316B-43B6-B8C0-C7BC429301C3}.Release|x64.ActiveCfg = Release|x64
		{D03AAAE8-316B-43B6-B8C0-C7BC429301C3}.Release|x64.Build.0 = Release|x64
		{D03AAAE8-316B-43B6-B8C0-C7BC429301C3}.Release|x86.ActiveCfg = Release|Win32
		{D03AAAE8-316B-43B6-B8C0-C7BC429301C3}.Release|x86.Build.0 = Release|Win32
		{1034A811-55F8-4428-9727-586EE6F73EDD}.Debug|ARM.ActiveCfg = Debug|Win32
		{1034A811-55F8-4428-9727-586EE6F73EDD}.Debug|x64.ActiveCfg = Debug|x64
		{1034A811-55F8-4428-9727-586EE6F73EDD}.Debug|x64.Build.0 = Debug|x64
		{1034A811-55F8-4428-9727-586EE6F73EDD}.Debug|x86.ActiveCfg = Debug|Win32
		{1034A811-55F8-4428-9727-586EE6F73EDD}.Debug|x86.Build.0 = Debug|Win32
		{1034A811-55F8-4428-9727-586EE6F73EDD}.Release|ARM.ActiveCfg = Release|Win32
		{1034A811-55F8-4428-9727-586EE6F73EDD}.Release|x64.ActiveCfg = Release|x64
		{1034A811-55F8-4428-9727-586EE6F73EDD}.Release|x64.Build.0 = Release|x64
		{1034A811-55F8-4428-9727-586EE6F73EDD}.Release|x86.ActiveCfg = Release|Win32
		{1034A811-55F8-4428-9727-586EE6F73EDD}.Release|x86.Build.0 = Release|Win32
		{4D19D8D8-A295-45D3-A8A0-E92E72E5E5AF}.Debug|ARM.ActiveCfg = Debug|Win32
		{4D19D8D8-A295-45D3-A8A0-E92E72E5E5AF}.Debug|x64.ActiveCfg = Debug|x64
		{4D19D8D8-A295-45D3-A8A0-E92E72E5E5AF}.Debug|x64.Build.0 = Debug|x64
		{4D19D8D8-A295-45D3-A8A0-E92E72E5E5AF}.Debug|x86.ActiveCfg = Debug|Win32
		{4D19D8D8-A295-45D3-A8A0-E92E72E5E5AF}.Debug|x86.Build.0 = Debug|Win32
		{4D19D8D8-A295-45D3-A8A0-E92E72E5E5AF}.Release|ARM.ActiveCfg = Release|Win32
		{4D19D8D8-A295-45D3-A8A0-E92E72E5E5AF}.Release|x64.ActiveCfg = Release|x64
		{4D19D8D8-A295-45D3-A8A0-E92E72E5E5AF}.Release|x64.Build.0 = Release|x64
		{4D19D8D8-A295-45D3-A8A0-E92E72E5E5AF}.Release|x86.ActiveCfg = Release|Win32
		{4D19D8D8-A295-45D3-A8A0-E92E72E5E5AF}.Release|x86.Build.0 = Release|Win32
	EndGlobalSection
	GlobalSection(SolutionProperties) = preSolution
		HideSolutionNode = FALSE
	EndGlobalSection
	GlobalSection(ExtensibilityGlobals) = postSolution
		SolutionGuid = {4D5E3181-8B8F-4D05-86A8-52677DD1407C}
	EndGlobalSection
EndGlobal
